{
  "originHash" : "7bf3b04e0debb96f9fe58acf560ecacca3190906151a7a8e3eaf7ff10c3b9c49",
  "pins" : [
    {
      "identity" : "dotlottie-ios",
      "kind" : "remoteSourceControl",
      "location" : "https://github.com/LottieFiles/dotlottie-ios",
      "state" : {
        "branch" : "main",
        "revision" : "188ff38c583627fac2924d5fba2e1f3cd472aa05"
      }
    },
    {
      "identity" : "lottie-spm",
      "kind" : "remoteSourceControl",
      "location" : "https://github.com/airbnb/lottie-spm.git",
      "state" : {
        "revision" : "04f2fd18cc9404a0a0917265a449002674f24ec9",
        "version" : "4.5.2"
      }
    },
    {
      "identity" : "tocropviewcontroller",
      "kind" : "remoteSourceControl",
      "location" : "https://github.com/TimOliver/TOCropViewController.git",
      "state" : {
        "revision" : "a634cb7cdfd580006e79a6e74e64417fe9e9783b",
        "version" : "2.7.4"
      }
    }
  ],
  "version" : 3
}
